
Microsoft Visual Studio Solution File, Format Version 12.00
# Visual Studio 14
VisualStudioVersion = 14.0.25420.1
MinimumVisualStudioVersion = 10.0.40219.1
Project("{FAE04EC0-301F-11D3-BF4B-00C04F79EFBC}") = "DbFirst", "DbFirst\DbFirst.csproj", "{1259DF59-3393-48D9-8F00-FD5578D54F64}"
EndProject
Project("{FAE04EC0-301F-11D3-BF4B-00C04F79EFBC}") = "VidzyExerciseSection3Class20", "VidzyExerciseSection3Class20\VidzyExerciseSection3Class20.csproj", "{BA8F14CD-AEBE-4B97-8032-151624CE2A5E}"
EndProject
Project("{FAE04EC0-301F-11D3-BF4B-00C04F79EFBC}") = "CodeFirst", "CodeFirst\CodeFirst.csproj", "{EAFBD0BD-ED6A-4025-AB71-47330C09E9B2}"
EndProject
Global
	GlobalSection(SolutionConfigurationPlatforms) = preSolution
		Debug|Any CPU = Debug|Any CPU
		Release|Any CPU = Release|Any CPU
	EndGlobalSection
	GlobalSection(ProjectConfigurationPlatforms) = postSolution
		{1259DF59-3393-48D9-8F00-FD5578D54F64}.Debug|Any CPU.ActiveCfg = Debug|Any CPU
		{1259DF59-3393-48D9-8F00-FD5578D54F64}.Debug|Any CPU.Build.0 = Debug|Any CPU
		{1259DF59-3393-48D9-8F00-FD5578D54F64}.Release|Any CPU.ActiveCfg = Release|Any CPU
		{1259DF59-3393-48D9-8F00-FD5578D54F64}.Release|Any CPU.Build.0 = Release|Any CPU
		{BA8F14CD-AEBE-4B97-8032-151624CE2A5E}.Debug|Any CPU.ActiveCfg = Debug|Any CPU
		{BA8F14CD-AEBE-4B97-8032-151624CE2A5E}.Debug|Any CPU.Build.0 = Debug|Any CPU
		{BA8F14CD-AEBE-4B97-8032-151624CE2A5E}.Release|Any CPU.ActiveCfg = Release|Any CPU
		{BA8F14CD-AEBE-4B97-8032-151624CE2A5E}.Release|Any CPU.Build.0 = Release|Any CPU
		{EAFBD0BD-ED6A-4025-AB71-47330C09E9B2}.Debug|Any CPU.ActiveCfg = Debug|Any CPU
		{EAFBD0BD-ED6A-4025-AB71-47330C09E9B2}.Debug|Any CPU.Build.0 = Debug|Any CPU
		{EAFBD0BD-ED6A-4025-AB71-47330C09E9B2}.Release|Any CPU.ActiveCfg = Release|Any CPU
		{EAFBD0BD-ED6A-4025-AB71-47330C09E9B2}.Release|Any CPU.Build.0 = Release|Any CPU
	EndGlobalSection
	GlobalSection(SolutionProperties) = preSolution
		HideSolutionNode = FALSE
	EndGlobalSection
EndGlobal
