
Microsoft Visual Studio Solution File, Format Version 12.00
# Visual Studio 14
VisualStudioVersion = 14.0.25420.1
MinimumVisualStudioVersion = 10.0.40219.1
Project("{FAE04EC0-301F-11D3-BF4B-00C04F79EFBC}") = "DbFirst", "DbFirst\DbFirst.csproj", "{1259DF59-3393-48D9-8F00-FD5578D54F64}"
EndProject
Project("{FAE04EC0-301F-11D3-BF4B-00C04F79EFBC}") = "VidzyExerciseSection3Class20", "VidzyExerciseSection3Class20\VidzyExerciseSection3Class20.csproj", "{BA8F14CD-AEBE-4B97-8032-151624CE2A5E}"
EndProject
Project("{FAE04EC0-301F-11D3-BF4B-00C04F79EFBC}") = "CodeFirst", "CodeFirst\CodeFirst.csproj", "{EAFBD0BD-ED6A-4025-AB71-47330C09E9B2}"
EndProject
Project("{FAE04EC0-301F-11D3-BF4B-00C04F79EFBC}") = "CodeFirstExistingDatabase", "CodeFirstExistingDatabase\CodeFirstExistingDatabase.csproj", "{25737AD1-B9CD-4FCA-A292-8055F602D151}"
EndProject
Project("{FAE04EC0-301F-11D3-BF4B-00C04F79EFBC}") = "CodeFirstExercise", "CodeFirstExercise\CodeFirstExercise.csproj", "{FD1DF12C-457C-4D5D-B969-76CD1E4D8CAD}"
EndProject
Project("{2150E333-8FDC-42A3-9474-1A3956D46DE8}") = "Solution Items", "Solution Items", "{9299B017-B606-497C-A015-0A3373F7AB63}"
	ProjectSection(SolutionItems) = preProject
		Commun Migration Commands.txt = Commun Migration Commands.txt
		DataAnotations.txt = DataAnotations.txt
		Fluent API.txt = Fluent API.txt
	EndProjectSection
EndProject
Project("{2150E333-8FDC-42A3-9474-1A3956D46DE8}") = "Section6", "Section6", "{D5A52880-DB97-4626-B1B6-62B0B85B2C20}"
	ProjectSection(SolutionItems) = preProject
		Notes.txt = Notes.txt
	EndProjectSection
EndProject
Project("{FAE04EC0-301F-11D3-BF4B-00C04F79EFBC}") = "Queries", "Queries\Queries.csproj", "{D1776DED-C59A-4F8A-8C31-96EAE15BDF5A}"
EndProject
Project("{2150E333-8FDC-42A3-9474-1A3956D46DE8}") = "Section7", "Section7", "{4882A07C-BABD-4631-8431-297CA61D5124}"
EndProject
Project("{FAE04EC0-301F-11D3-BF4B-00C04F79EFBC}") = "LoadingRelatedObjects", "LoadingRelatedObjects\LoadingRelatedObjects.csproj", "{75D792DF-EF8A-451E-9ECA-2646A230909D}"
EndProject
Global
	GlobalSection(SolutionConfigurationPlatforms) = preSolution
		Debug|Any CPU = Debug|Any CPU
		Release|Any CPU = Release|Any CPU
	EndGlobalSection
	GlobalSection(ProjectConfigurationPlatforms) = postSolution
		{1259DF59-3393-48D9-8F00-FD5578D54F64}.Debug|Any CPU.ActiveCfg = Debug|Any CPU
		{1259DF59-3393-48D9-8F00-FD5578D54F64}.Debug|Any CPU.Build.0 = Debug|Any CPU
		{1259DF59-3393-48D9-8F00-FD5578D54F64}.Release|Any CPU.ActiveCfg = Release|Any CPU
		{1259DF59-3393-48D9-8F00-FD5578D54F64}.Release|Any CPU.Build.0 = Release|Any CPU
		{BA8F14CD-AEBE-4B97-8032-151624CE2A5E}.Debug|Any CPU.ActiveCfg = Debug|Any CPU
		{BA8F14CD-AEBE-4B97-8032-151624CE2A5E}.Debug|Any CPU.Build.0 = Debug|Any CPU
		{BA8F14CD-AEBE-4B97-8032-151624CE2A5E}.Release|Any CPU.ActiveCfg = Release|Any CPU
		{BA8F14CD-AEBE-4B97-8032-151624CE2A5E}.Release|Any CPU.Build.0 = Release|Any CPU
		{EAFBD0BD-ED6A-4025-AB71-47330C09E9B2}.Debug|Any CPU.ActiveCfg = Debug|Any CPU
		{EAFBD0BD-ED6A-4025-AB71-47330C09E9B2}.Debug|Any CPU.Build.0 = Debug|Any CPU
		{EAFBD0BD-ED6A-4025-AB71-47330C09E9B2}.Release|Any CPU.ActiveCfg = Release|Any CPU
		{EAFBD0BD-ED6A-4025-AB71-47330C09E9B2}.Release|Any CPU.Build.0 = Release|Any CPU
		{25737AD1-B9CD-4FCA-A292-8055F602D151}.Debug|Any CPU.ActiveCfg = Debug|Any CPU
		{25737AD1-B9CD-4FCA-A292-8055F602D151}.Debug|Any CPU.Build.0 = Debug|Any CPU
		{25737AD1-B9CD-4FCA-A292-8055F602D151}.Release|Any CPU.ActiveCfg = Release|Any CPU
		{25737AD1-B9CD-4FCA-A292-8055F602D151}.Release|Any CPU.Build.0 = Release|Any CPU
		{FD1DF12C-457C-4D5D-B969-76CD1E4D8CAD}.Debug|Any CPU.ActiveCfg = Debug|Any CPU
		{FD1DF12C-457C-4D5D-B969-76CD1E4D8CAD}.Debug|Any CPU.Build.0 = Debug|Any CPU
		{FD1DF12C-457C-4D5D-B969-76CD1E4D8CAD}.Release|Any CPU.ActiveCfg = Release|Any CPU
		{FD1DF12C-457C-4D5D-B969-76CD1E4D8CAD}.Release|Any CPU.Build.0 = Release|Any CPU
		{D1776DED-C59A-4F8A-8C31-96EAE15BDF5A}.Debug|Any CPU.ActiveCfg = Debug|Any CPU
		{D1776DED-C59A-4F8A-8C31-96EAE15BDF5A}.Debug|Any CPU.Build.0 = Debug|Any CPU
		{D1776DED-C59A-4F8A-8C31-96EAE15BDF5A}.Release|Any CPU.ActiveCfg = Release|Any CPU
		{D1776DED-C59A-4F8A-8C31-96EAE15BDF5A}.Release|Any CPU.Build.0 = Release|Any CPU
		{75D792DF-EF8A-451E-9ECA-2646A230909D}.Debug|Any CPU.ActiveCfg = Debug|Any CPU
		{75D792DF-EF8A-451E-9ECA-2646A230909D}.Debug|Any CPU.Build.0 = Debug|Any CPU
		{75D792DF-EF8A-451E-9ECA-2646A230909D}.Release|Any CPU.ActiveCfg = Release|Any CPU
		{75D792DF-EF8A-451E-9ECA-2646A230909D}.Release|Any CPU.Build.0 = Release|Any CPU
	EndGlobalSection
	GlobalSection(SolutionProperties) = preSolution
		HideSolutionNode = FALSE
	EndGlobalSection
	GlobalSection(NestedProjects) = preSolution
		{D1776DED-C59A-4F8A-8C31-96EAE15BDF5A} = {D5A52880-DB97-4626-B1B6-62B0B85B2C20}
		{75D792DF-EF8A-451E-9ECA-2646A230909D} = {4882A07C-BABD-4631-8431-297CA61D5124}
	EndGlobalSection
EndGlobal
